
Microsoft Visual Studio Solution File, Format Version 12.00
# Visual Studio Version 17
VisualStudioVersion = 17.7.34031.279
MinimumVisualStudioVersion = 10.0.40219.1
Project("{FAE04EC0-301F-11D3-BF4B-00C04F79EFBC}") = "Deportivo.Servicios", "Deportivo.Servicios\Deportivo.Servicios.csproj", "{FECF214B-13E0-486F-ACA3-4E5E4E948E73}"
EndProject
Project("{FAE04EC0-301F-11D3-BF4B-00C04F79EFBC}") = "Deportivo.Entidades", "Deportivo.Entidades\Deportivo.Entidades.csproj", "{666A324A-A9EC-42DC-96D2-02808174A14A}"
EndProject
Project("{FAE04EC0-301F-11D3-BF4B-00C04F79EFBC}") = "Deportivo.Datos", "Deportivo.Datos\Deportivo.Datos.csproj", "{75E499A1-B8CD-4505-B112-7C9818326FE3}"
EndProject
Project("{FAE04EC0-301F-11D3-BF4B-00C04F79EFBC}") = "Deportivo.Windows", "Deportivo.Windows\Deportivo.Windows.csproj", "{E3B62811-2CF7-4E7E-8CFA-4338358CFEAB}"
EndProject
Project("{FAE04EC0-301F-11D3-BF4B-00C04F79EFBC}") = "Deportivo.Comun", "Deportivo.Comun\Deportivo.Comun.csproj", "{2E7EA194-6366-4FB6-9710-9A000801A993}"
EndProject
Global
	GlobalSection(SolutionConfigurationPlatforms) = preSolution
		Debug|Any CPU = Debug|Any CPU
		Release|Any CPU = Release|Any CPU
	EndGlobalSection
	GlobalSection(ProjectConfigurationPlatforms) = postSolution
		{FECF214B-13E0-486F-ACA3-4E5E4E948E73}.Debug|Any CPU.ActiveCfg = Debug|Any CPU
		{FECF214B-13E0-486F-ACA3-4E5E4E948E73}.Debug|Any CPU.Build.0 = Debug|Any CPU
		{FECF214B-13E0-486F-ACA3-4E5E4E948E73}.Release|Any CPU.ActiveCfg = Release|Any CPU
		{FECF214B-13E0-486F-ACA3-4E5E4E948E73}.Release|Any CPU.Build.0 = Release|Any CPU
		{666A324A-A9EC-42DC-96D2-02808174A14A}.Debug|Any CPU.ActiveCfg = Debug|Any CPU
		{666A324A-A9EC-42DC-96D2-02808174A14A}.Debug|Any CPU.Build.0 = Debug|Any CPU
		{666A324A-A9EC-42DC-96D2-02808174A14A}.Release|Any CPU.ActiveCfg = Release|Any CPU
		{666A324A-A9EC-42DC-96D2-02808174A14A}.Release|Any CPU.Build.0 = Release|Any CPU
		{75E499A1-B8CD-4505-B112-7C9818326FE3}.Debug|Any CPU.ActiveCfg = Debug|Any CPU
		{75E499A1-B8CD-4505-B112-7C9818326FE3}.Debug|Any CPU.Build.0 = Debug|Any CPU
		{75E499A1-B8CD-4505-B112-7C9818326FE3}.Release|Any CPU.ActiveCfg = Release|Any CPU
		{75E499A1-B8CD-4505-B112-7C9818326FE3}.Release|Any CPU.Build.0 = Release|Any CPU
		{E3B62811-2CF7-4E7E-8CFA-4338358CFEAB}.Debug|Any CPU.ActiveCfg = Debug|Any CPU
		{E3B62811-2CF7-4E7E-8CFA-4338358CFEAB}.Debug|Any CPU.Build.0 = Debug|Any CPU
		{E3B62811-2CF7-4E7E-8CFA-4338358CFEAB}.Release|Any CPU.ActiveCfg = Release|Any CPU
		{E3B62811-2CF7-4E7E-8CFA-4338358CFEAB}.Release|Any CPU.Build.0 = Release|Any CPU
		{2E7EA194-6366-4FB6-9710-9A000801A993}.Debug|Any CPU.ActiveCfg = Debug|Any CPU
		{2E7EA194-6366-4FB6-9710-9A000801A993}.Debug|Any CPU.Build.0 = Debug|Any CPU
		{2E7EA194-6366-4FB6-9710-9A000801A993}.Release|Any CPU.ActiveCfg = Release|Any CPU
		{2E7EA194-6366-4FB6-9710-9A000801A993}.Release|Any CPU.Build.0 = Release|Any CPU
	EndGlobalSection
	GlobalSection(SolutionProperties) = preSolution
		HideSolutionNode = FALSE
	EndGlobalSection
	GlobalSection(ExtensibilityGlobals) = postSolution
		SolutionGuid = {54A14E9C-7642-4C48-9077-AD449A35BE78}
	EndGlobalSection
EndGlobal
